
Microsoft Visual Studio Solution File, Format Version 12.00
# Visual Studio Version 16
VisualStudioVersion = 16.0.28714.193
MinimumVisualStudioVersion = 10.0.40219.1
Project("{FAE04EC0-301F-11D3-BF4B-00C04F79EFBC}") = "ZodiacKillerRust", "ZodiacKillerRust.csproj", "{3B39854D-4336-4FE5-93F0-AB0E09E324A9}"
EndProject
Global
	GlobalSection(SolutionConfigurationPlatforms) = preSolution
		Debug|Any CPU = Debug|Any CPU
		Debug|x86 = Debug|x86
		Release|Any CPU = Release|Any CPU
		Release|x86 = Release|x86
	EndGlobalSection
	GlobalSection(ProjectConfigurationPlatforms) = postSolution
		{3B39854D-4336-4FE5-93F0-AB0E09E324A9}.Debug|Any CPU.ActiveCfg = Debug|Any CPU
		{3B39854D-4336-4FE5-93F0-AB0E09E324A9}.Debug|Any CPU.Build.0 = Debug|Any CPU
		{3B39854D-4336-4FE5-93F0-AB0E09E324A9}.Debug|x86.ActiveCfg = Debug|Any CPU
		{3B39854D-4336-4FE5-93F0-AB0E09E324A9}.Debug|x86.Build.0 = Debug|Any CPU
		{3B39854D-4336-4FE5-93F0-AB0E09E324A9}.Release|Any CPU.ActiveCfg = Release|Any CPU
		{3B39854D-4336-4FE5-93F0-AB0E09E324A9}.Release|Any CPU.Build.0 = Release|Any CPU
		{3B39854D-4336-4FE5-93F0-AB0E09E324A9}.Release|x86.ActiveCfg = Release|Any CPU
		{3B39854D-4336-4FE5-93F0-AB0E09E324A9}.Release|x86.Build.0 = Release|Any CPU
	EndGlobalSection
	GlobalSection(SolutionProperties) = preSolution
		HideSolutionNode = FALSE
	EndGlobalSection
	GlobalSection(ExtensibilityGlobals) = postSolution
		SolutionGuid = {C5DF8033-7B29-4DDD-9EEC-C6469C0AEA88}
	EndGlobalSection
EndGlobal
